PODS:
  - LiquidFloatingActionButton (2.0.0)
  - SnapKit (5.0.0)

DEPENDENCIES:
  - LiquidFloatingActionButton (from `../`)
  - SnapKit (= 5.0.0)

SPEC REPOS:
  https://github.com/cocoapods/specs.git:
    - SnapKit

EXTERNAL SOURCES:
  LiquidFloatingActionButton:
    :path: "../"

SPEC CHECKSUMS:
  LiquidFloatingActionButton: 150d71accb46bbca26a86ce697dc3993ff6ee851
  SnapKit: fd22d10eb9aff484d79a8724eab922c1ddf89bcf

PODFILE CHECKSUM: c73275ecd3f9e3982681ae25277b9620f1ad8ecb

COCOAPODS: 1.5.3
